
Microsoft Visual Studio Solution File, Format Version 12.00
# Visual Studio 2013
VisualStudioVersion = 12.0.21005.1
MinimumVisualStudioVersion = 10.0.40219.1
Project("{FAE04EC0-301F-11D3-BF4B-00C04F79EFBC}") = "HaruTransaction", "HaruTransaction\HaruTransaction.csproj", "{B4B5A5D1-CFA0-44D1-BB66-8AD7F00D75CC}"
EndProject
Project("{FAE04EC0-301F-11D3-BF4B-00C04F79EFBC}") = "HaruTransactionTest", "HaruTransactionTest\HaruTransactionTest.csproj", "{16F5CD86-C417-4417-9E4D-8651CBA23031}"
EndProject
Global
	GlobalSection(SolutionConfigurationPlatforms) = preSolution
		Debug|Any CPU = Debug|Any CPU
		Release|Any CPU = Release|Any CPU
	EndGlobalSection
	GlobalSection(ProjectConfigurationPlatforms) = postSolution
		{B4B5A5D1-CFA0-44D1-BB66-8AD7F00D75CC}.Debug|Any CPU.ActiveCfg = Debug|Any CPU
		{B4B5A5D1-CFA0-44D1-BB66-8AD7F00D75CC}.Debug|Any CPU.Build.0 = Debug|Any CPU
		{B4B5A5D1-CFA0-44D1-BB66-8AD7F00D75CC}.Release|Any CPU.ActiveCfg = Release|Any CPU
		{B4B5A5D1-CFA0-44D1-BB66-8AD7F00D75CC}.Release|Any CPU.Build.0 = Release|Any CPU
		{16F5CD86-C417-4417-9E4D-8651CBA23031}.Debug|Any CPU.ActiveCfg = Debug|Any CPU
		{16F5CD86-C417-4417-9E4D-8651CBA23031}.Debug|Any CPU.Build.0 = Debug|Any CPU
		{16F5CD86-C417-4417-9E4D-8651CBA23031}.Release|Any CPU.ActiveCfg = Release|Any CPU
		{16F5CD86-C417-4417-9E4D-8651CBA23031}.Release|Any CPU.Build.0 = Release|Any CPU
	EndGlobalSection
	GlobalSection(SolutionProperties) = preSolution
		HideSolutionNode = FALSE
	EndGlobalSection
EndGlobal
